
Microsoft Visual Studio Solution File, Format Version 12.00
# Visual Studio 15
VisualStudioVersion = 15.0.28307.421
MinimumVisualStudioVersion = 10.0.40219.1
Project("{2150E333-8FDC-42A3-9474-1A3956D46DE8}") = "1_demo", "1_demo", "{6D4A3283-58CC-49BB-8A33-788B7EF5035D}"
EndProject
Project("{8BC9CEB8-8B4A-11D0-8D11-00A0C91BC942}") = "Aero", "demo\Samples\Aero\Aero.vcxproj", "{E61F1A7E-8066-48F0-85DD-355EF3ABB02E}"
EndProject
Project("{8BC9CEB8-8B4A-11D0-8D11-00A0C91BC942}") = "Alpha", "demo\Samples\Alpha\Alpha.vcxproj", "{4BC88F4D-B861-4CA9-BF71-AAE788D3FC31}"
EndProject
Project("{8BC9CEB8-8B4A-11D0-8D11-00A0C91BC942}") = "BmpView", "demo\Samples\BmpView\BmpView.vcxproj", "{F5F40F56-82B6-41F7-B5ED-51E95B65A288}"
EndProject
Project("{8BC9CEB8-8B4A-11D0-8D11-00A0C91BC942}") = "GuidGen", "demo\Samples\GuidGen\GuidGen.vcxproj", "{1A98BE97-763C-4724-9A72-8E8C96DA7A36}"
EndProject
Project("{8BC9CEB8-8B4A-11D0-8D11-00A0C91BC942}") = "MDI", "demo\Samples\MDIDocVw\MDI.vcxproj", "{53581F92-A24A-480E-9B60-ABA01A256FEB}"
EndProject
Project("{8BC9CEB8-8B4A-11D0-8D11-00A0C91BC942}") = "MemDlg", "demo\Samples\MemDlg\MemDlg.vcxproj", "{18360C6F-BF21-4FA5-9395-BDBD833340E3}"
EndProject
Project("{8BC9CEB8-8B4A-11D0-8D11-00A0C91BC942}") = "MTPad", "demo\Samples\MTPad\MTPad.vcxproj", "{3A5F348A-39BD-425E-8DB3-E82300A9D0CF}"
EndProject
Project("{8BC9CEB8-8B4A-11D0-8D11-00A0C91BC942}") = "MTPad", "demo\Samples\MTPad7\MTPad7.vcxproj", "{22B5B9CD-D556-4A0B-B3BB-F9DA41B55FD5}"
EndProject
Project("{8BC9CEB8-8B4A-11D0-8D11-00A0C91BC942}") = "TabBrowser", "demo\Samples\TabBrowser\TabBrowser.vcxproj", "{4F93E0CE-7116-44A2-AEF1-9A6DE07C7CE0}"
EndProject
Project("{8BC9CEB8-8B4A-11D0-8D11-00A0C91BC942}") = "Wizard97Test", "demo\Samples\Wizard97Test\Wizard97Test.vcxproj", "{AADB8628-DC1E-4AC9-ABE6-0C692A68F56F}"
EndProject
Project("{8BC9CEB8-8B4A-11D0-8D11-00A0C91BC942}") = "WTLExplorer", "demo\Samples\WTLExplorer\WTLExplorer.vcxproj", "{37D083DA-69C9-45DE-B9EC-4E05F285FAD9}"
EndProject
Global
	GlobalSection(SolutionConfigurationPlatforms) = preSolution
		Debug|x64 = Debug|x64
		Release|x64 = Release|x64
	EndGlobalSection
	GlobalSection(ProjectConfigurationPlatforms) = postSolution
		{E61F1A7E-8066-48F0-85DD-355EF3ABB02E}.Debug|x64.ActiveCfg = Debug|x64
		{E61F1A7E-8066-48F0-85DD-355EF3ABB02E}.Debug|x64.Build.0 = Debug|x64
		{E61F1A7E-8066-48F0-85DD-355EF3ABB02E}.Release|x64.ActiveCfg = Release|x64
		{E61F1A7E-8066-48F0-85DD-355EF3ABB02E}.Release|x64.Build.0 = Release|x64
		{4BC88F4D-B861-4CA9-BF71-AAE788D3FC31}.Debug|x64.ActiveCfg = Debug|x64
		{4BC88F4D-B861-4CA9-BF71-AAE788D3FC31}.Debug|x64.Build.0 = Debug|x64
		{4BC88F4D-B861-4CA9-BF71-AAE788D3FC31}.Release|x64.ActiveCfg = Release|x64
		{4BC88F4D-B861-4CA9-BF71-AAE788D3FC31}.Release|x64.Build.0 = Release|x64
		{F5F40F56-82B6-41F7-B5ED-51E95B65A288}.Debug|x64.ActiveCfg = Debug|x64
		{F5F40F56-82B6-41F7-B5ED-51E95B65A288}.Debug|x64.Build.0 = Debug|x64
		{F5F40F56-82B6-41F7-B5ED-51E95B65A288}.Release|x64.ActiveCfg = Release|x64
		{F5F40F56-82B6-41F7-B5ED-51E95B65A288}.Release|x64.Build.0 = Release|x64
		{1A98BE97-763C-4724-9A72-8E8C96DA7A36}.Debug|x64.ActiveCfg = Debug|x64
		{1A98BE97-763C-4724-9A72-8E8C96DA7A36}.Debug|x64.Build.0 = Debug|x64
		{1A98BE97-763C-4724-9A72-8E8C96DA7A36}.Release|x64.ActiveCfg = Release|x64
		{1A98BE97-763C-4724-9A72-8E8C96DA7A36}.Release|x64.Build.0 = Release|x64
		{53581F92-A24A-480E-9B60-ABA01A256FEB}.Debug|x64.ActiveCfg = Debug|x64
		{53581F92-A24A-480E-9B60-ABA01A256FEB}.Debug|x64.Build.0 = Debug|x64
		{53581F92-A24A-480E-9B60-ABA01A256FEB}.Release|x64.ActiveCfg = Release|x64
		{53581F92-A24A-480E-9B60-ABA01A256FEB}.Release|x64.Build.0 = Release|x64
		{18360C6F-BF21-4FA5-9395-BDBD833340E3}.Debug|x64.ActiveCfg = Debug|x64
		{18360C6F-BF21-4FA5-9395-BDBD833340E3}.Debug|x64.Build.0 = Debug|x64
		{18360C6F-BF21-4FA5-9395-BDBD833340E3}.Release|x64.ActiveCfg = Release|x64
		{18360C6F-BF21-4FA5-9395-BDBD833340E3}.Release|x64.Build.0 = Release|x64
		{3A5F348A-39BD-425E-8DB3-E82300A9D0CF}.Debug|x64.ActiveCfg = Debug|x64
		{3A5F348A-39BD-425E-8DB3-E82300A9D0CF}.Debug|x64.Build.0 = Debug|x64
		{3A5F348A-39BD-425E-8DB3-E82300A9D0CF}.Release|x64.ActiveCfg = Release|x64
		{3A5F348A-39BD-425E-8DB3-E82300A9D0CF}.Release|x64.Build.0 = Release|x64
		{22B5B9CD-D556-4A0B-B3BB-F9DA41B55FD5}.Debug|x64.ActiveCfg = Debug|x64
		{22B5B9CD-D556-4A0B-B3BB-F9DA41B55FD5}.Debug|x64.Build.0 = Debug|x64
		{22B5B9CD-D556-4A0B-B3BB-F9DA41B55FD5}.Release|x64.ActiveCfg = Release|x64
		{22B5B9CD-D556-4A0B-B3BB-F9DA41B55FD5}.Release|x64.Build.0 = Release|x64
		{4F93E0CE-7116-44A2-AEF1-9A6DE07C7CE0}.Debug|x64.ActiveCfg = Debug|x64
		{4F93E0CE-7116-44A2-AEF1-9A6DE07C7CE0}.Debug|x64.Build.0 = Debug|x64
		{4F93E0CE-7116-44A2-AEF1-9A6DE07C7CE0}.Release|x64.ActiveCfg = Release|x64
		{4F93E0CE-7116-44A2-AEF1-9A6DE07C7CE0}.Release|x64.Build.0 = Release|x64
		{AADB8628-DC1E-4AC9-ABE6-0C692A68F56F}.Debug|x64.ActiveCfg = Debug|x64
		{AADB8628-DC1E-4AC9-ABE6-0C692A68F56F}.Debug|x64.Build.0 = Debug|x64
		{AADB8628-DC1E-4AC9-ABE6-0C692A68F56F}.Release|x64.ActiveCfg = Release|x64
		{AADB8628-DC1E-4AC9-ABE6-0C692A68F56F}.Release|x64.Build.0 = Release|x64
		{37D083DA-69C9-45DE-B9EC-4E05F285FAD9}.Debug|x64.ActiveCfg = Debug|x64
		{37D083DA-69C9-45DE-B9EC-4E05F285FAD9}.Debug|x64.Build.0 = Debug|x64
		{37D083DA-69C9-45DE-B9EC-4E05F285FAD9}.Release|x64.ActiveCfg = Release|x64
		{37D083DA-69C9-45DE-B9EC-4E05F285FAD9}.Release|x64.Build.0 = Release|x64
	EndGlobalSection
	GlobalSection(SolutionProperties) = preSolution
		HideSolutionNode = FALSE
	EndGlobalSection
	GlobalSection(NestedProjects) = preSolution
		{E61F1A7E-8066-48F0-85DD-355EF3ABB02E} = {6D4A3283-58CC-49BB-8A33-788B7EF5035D}
		{4BC88F4D-B861-4CA9-BF71-AAE788D3FC31} = {6D4A3283-58CC-49BB-8A33-788B7EF5035D}
		{F5F40F56-82B6-41F7-B5ED-51E95B65A288} = {6D4A3283-58CC-49BB-8A33-788B7EF5035D}
		{1A98BE97-763C-4724-9A72-8E8C96DA7A36} = {6D4A3283-58CC-49BB-8A33-788B7EF5035D}
		{53581F92-A24A-480E-9B60-ABA01A256FEB} = {6D4A3283-58CC-49BB-8A33-788B7EF5035D}
		{18360C6F-BF21-4FA5-9395-BDBD833340E3} = {6D4A3283-58CC-49BB-8A33-788B7EF5035D}
		{3A5F348A-39BD-425E-8DB3-E82300A9D0CF} = {6D4A3283-58CC-49BB-8A33-788B7EF5035D}
		{22B5B9CD-D556-4A0B-B3BB-F9DA41B55FD5} = {6D4A3283-58CC-49BB-8A33-788B7EF5035D}
		{4F93E0CE-7116-44A2-AEF1-9A6DE07C7CE0} = {6D4A3283-58CC-49BB-8A33-788B7EF5035D}
		{AADB8628-DC1E-4AC9-ABE6-0C692A68F56F} = {6D4A3283-58CC-49BB-8A33-788B7EF5035D}
		{37D083DA-69C9-45DE-B9EC-4E05F285FAD9} = {6D4A3283-58CC-49BB-8A33-788B7EF5035D}
	EndGlobalSection
	GlobalSection(ExtensibilityGlobals) = postSolution
		SolutionGuid = {0A8CEE52-492A-4393-9DD8-1A14948800DE}
	EndGlobalSection
EndGlobal
